PODS:
  - ActiveLabel (1.0.1)
  - Cosmos (17.0.0)
  - FontAwesome.swift (1.4.3)

DEPENDENCIES:
  - ActiveLabel
  - Cosmos
  - FontAwesome.swift

SPEC REPOS:
  https://github.com/cocoapods/specs.git:
    - ActiveLabel
    - Cosmos
    - FontAwesome.swift

SPEC CHECKSUMS:
  ActiveLabel: b8b2396fe25308d563601437d6605bf691c3b5db
  Cosmos: 309e489f21ffc91a1eeecfebef7f817cd2fcfba6
  FontAwesome.swift: 4b9ba1e1f3418a626f3ab67b230856ab6eb4860f

PODFILE CHECKSUM: 888ce8ed217251a0c3f2a6e1fc53f087a2e60570

COCOAPODS: 1.5.3
