PODS:
  - ActiveLabel (0.9.0)
  - Cosmos (13.0.0)
  - FontAwesome.swift (1.4.3)

DEPENDENCIES:
  - ActiveLabel
  - Cosmos
  - FontAwesome.swift

SPEC REPOS:
  https://github.com/cocoapods/specs.git:
    - ActiveLabel
    - Cosmos
    - FontAwesome.swift

SPEC CHECKSUMS:
  ActiveLabel: c4fdd14a288483e98b5a3dff0ab214699aeee74a
  Cosmos: af3973becc045af335b64498c9812034876b7661
  FontAwesome.swift: 4b9ba1e1f3418a626f3ab67b230856ab6eb4860f

PODFILE CHECKSUM: 888ce8ed217251a0c3f2a6e1fc53f087a2e60570

COCOAPODS: 1.5.3
