PODS:
  - ActiveLabel (1.1.0)
  - Cosmos (23.0.0)
  - FontAwesome.swift (1.9.1)

DEPENDENCIES:
  - ActiveLabel
  - Cosmos
  - FontAwesome.swift

SPEC REPOS:
  trunk:
    - ActiveLabel
    - Cosmos
    - FontAwesome.swift

SPEC CHECKSUMS:
  ActiveLabel: 5e3f4de79a1952d4604b845a0610d4776e4b82b3
  Cosmos: b5c6a9a637e28a061b54c8f8b1d8529d7d4db73f
  FontAwesome.swift: 6b52cb7be66eacd28cbfaa0ca7ffd0de4a186a1d

PODFILE CHECKSUM: 9cae3c5f406d7fa05cb36aad3aa122b28c3e7f7e

COCOAPODS: 1.10.0
